
Microsoft Visual Studio Solution File, Format Version 12.00
# Visual Studio Version 16
VisualStudioVersion = 16.0.29409.12
MinimumVisualStudioVersion = 10.0.40219.1
Project("{FAE04EC0-301F-11D3-BF4B-00C04F79EFBC}") = "LINKARDEMOx64Mono", "LINKARDEMO\LINKARDEMOx64Mono.csproj", "{92FE49CA-3F2C-4B49-9BAA-B96680F62628}"
EndProject
Global
	GlobalSection(SolutionConfigurationPlatforms) = preSolution
		Debug|Any CPU = Debug|Any CPU
		Debug|x64 = Debug|x64
		Release|Any CPU = Release|Any CPU
		Release|x64 = Release|x64
	EndGlobalSection
	GlobalSection(ProjectConfigurationPlatforms) = postSolution
		{92FE49CA-3F2C-4B49-9BAA-B96680F62628}.Debug|Any CPU.ActiveCfg = Debug|Any CPU
		{92FE49CA-3F2C-4B49-9BAA-B96680F62628}.Debug|Any CPU.Build.0 = Debug|Any CPU
		{92FE49CA-3F2C-4B49-9BAA-B96680F62628}.Debug|x64.ActiveCfg = Debug|x64
		{92FE49CA-3F2C-4B49-9BAA-B96680F62628}.Debug|x64.Build.0 = Debug|x64
		{92FE49CA-3F2C-4B49-9BAA-B96680F62628}.Release|Any CPU.ActiveCfg = Release|Any CPU
		{92FE49CA-3F2C-4B49-9BAA-B96680F62628}.Release|Any CPU.Build.0 = Release|Any CPU
		{92FE49CA-3F2C-4B49-9BAA-B96680F62628}.Release|x64.ActiveCfg = Release|x64
		{92FE49CA-3F2C-4B49-9BAA-B96680F62628}.Release|x64.Build.0 = Release|x64
	EndGlobalSection
	GlobalSection(SolutionProperties) = preSolution
		HideSolutionNode = FALSE
	EndGlobalSection
	GlobalSection(ExtensibilityGlobals) = postSolution
		SolutionGuid = {E8A000BE-FA7B-4346-A788-0B18888E7E24}
	EndGlobalSection
EndGlobal
